{
    "hash": "706ae59c722fd173495e253067f03f3b",
    "packages": [
        {
            "package": "dflydev/dot-access-configuration",
            "version": "dev-master",
            "source-reference": "bdab34d4ef2c553039ad242a190f602d87555cc4",
            "alias": "1.0.9999999.9999999-dev"
        },
        {
            "package": "dflydev/dot-access-data",
            "version": "dev-master",
            "source-reference": "aaf313232203ddd3e55eab1cce00d5b6cd1ffd36",
            "alias": "1.0.9999999.9999999-dev"
        },
        {
            "package": "dflydev/placeholder-resolver",
            "version": "dev-master",
            "source-reference": "90360a05c2fea542403ed39063a9655a620a998a",
            "alias": "1.0.9999999.9999999-dev"
        },
        {
            "package": "doctrine/common",
            "version": "2.2.x-dev",
            "source-reference": "1e0aa60d109c630d19543d999f12e2852ef8f932"
        },
        {
            "package": "doctrine/dbal",
            "version": "2.1.x-dev",
            "source-reference": "9d3625eeb1f7c840d3897d8961e977b554276a1d"
        },
        {
            "package": "doctrine/migrations",
            "version": "dev-master",
            "source-reference": "9e81984b0f126b0830d9ac6acc2d1da81aba2b94"
        },
        {
            "package": "monolog/monolog",
            "version": "1.1.0"
        },
        {
            "package": "pimple/pimple",
            "version": "dev-master",
            "source-reference": "2c7b104e6a5ca9207bd713892979882f1d310abc"
        },
        {
            "package": "silex/silex",
            "version": "dev-master",
            "source-reference": "25abd1a8e9042143716232b8c7f6e545545c830b",
            "alias": "1.0.9999999.9999999-dev"
        },
        {
            "package": "symfony/browser-kit",
            "version": "dev-master",
            "source-reference": "b0a5450cddde2bbf9c98681c2808aa5d0b1092b8",
            "alias": "2.1.9999999.9999999-dev"
        },
        {
            "package": "symfony/class-loader",
            "version": "dev-master",
            "source-reference": "804677e1019e57444e2f6e5dc2a5c3eeb3efe9d7",
            "alias": "2.1.9999999.9999999-dev"
        },
        {
            "package": "symfony/css-selector",
            "version": "dev-master",
            "source-reference": "1e2348d6e8cc6e3acd94b8477321eb35224fe760",
            "alias": "2.1.9999999.9999999-dev"
        },
        {
            "package": "symfony/dom-crawler",
            "version": "dev-master",
            "source-reference": "cf5e632961340004f4039897c4993cfae37e8723",
            "alias": "2.1.9999999.9999999-dev"
        },
        {
            "package": "symfony/event-dispatcher",
            "version": "dev-master",
            "source-reference": "a032eb1b74c9e5f939ce5fe9a5a7d53e6d1a9bee",
            "alias": "2.1.9999999.9999999-dev"
        },
        {
            "package": "symfony/finder",
            "version": "dev-master",
            "source-reference": "579244c1b21808bc6f9fe2284bf76cb0dc3f7334",
            "alias": "2.1.9999999.9999999-dev"
        },
        {
            "package": "symfony/http-foundation",
            "version": "dev-master",
            "source-reference": "986f059fe4e11d025da39565589468d11af8712a",
            "alias": "2.1.9999999.9999999-dev"
        },
        {
            "package": "symfony/http-kernel",
            "version": "dev-master",
            "source-reference": "13ce899fa4d0591c58093a6b2723445dcf078cdd",
            "alias": "2.1.9999999.9999999-dev"
        },
        {
            "package": "symfony/process",
            "version": "dev-master",
            "source-reference": "7a92d8a8c6d3e91fb3c70c9449962547b6fdeed1",
            "alias": "2.1.9999999.9999999-dev"
        },
        {
            "package": "symfony/routing",
            "version": "dev-master",
            "source-reference": "fd475d81367d5ff261e47b264f372682da2fb0bb",
            "alias": "2.1.9999999.9999999-dev"
        },
        {
            "package": "symfony/twig-bridge",
            "version": "dev-master",
            "source-reference": "4d857d8a7a8dd7f7bc8c5564a3a6ef4d2f0a2991",
            "alias": "2.1.9999999.9999999-dev"
        },
        {
            "package": "symfony/yaml",
            "version": "dev-master",
            "source-reference": "e39a6a7e8a429446787d388b677778a80bbe185f",
            "alias": "2.1.9999999.9999999-dev"
        },
        {
            "package": "twig/twig",
            "version": "dev-master",
            "source-reference": "f3491b5cbfd03a31538b6e8c82d65cd54996e870",
            "alias": "1.8.9999999.9999999-dev"
        }
    ],
    "packages-dev": null,
    "aliases": []
}
