{
    "hash": "fade751ef22fd98f97a51a18b3274682",
    "packages": [
        {
            "package": "dflydev/dot-access-configuration",
            "version": "dev-master",
            "source-reference": "bdab34d4ef2c553039ad242a190f602d87555cc4"
        },
        {
            "package": "dflydev/dot-access-configuration",
            "version": "dev-master",
            "source-reference": "bdab34d4ef2c553039ad242a190f602d87555cc4",
            "alias-pretty-version": "1.0.x-dev",
            "alias-version": "1.0.9999999.9999999-dev"
        },
        {
            "package": "dflydev/dot-access-data",
            "version": "dev-master",
            "source-reference": "aaf313232203ddd3e55eab1cce00d5b6cd1ffd36"
        },
        {
            "package": "dflydev/dot-access-data",
            "version": "dev-master",
            "source-reference": "aaf313232203ddd3e55eab1cce00d5b6cd1ffd36",
            "alias-pretty-version": "1.0.x-dev",
            "alias-version": "1.0.9999999.9999999-dev"
        },
        {
            "package": "dflydev/placeholder-resolver",
            "version": "dev-master",
            "source-reference": "90360a05c2fea542403ed39063a9655a620a998a",
            "alias-pretty-version": "1.0.x-dev",
            "alias-version": "1.0.9999999.9999999-dev"
        },
        {
            "package": "dflydev/placeholder-resolver",
            "version": "dev-master",
            "source-reference": "90360a05c2fea542403ed39063a9655a620a998a"
        },
        {
            "package": "docteurklein/silex-doctrine-service-providers",
            "version": "dev-master",
            "source-reference": "f7c98e5d32d62b0d76c5f52f77173dc14071c7c8"
        },
        {
            "package": "doctrine/common",
            "version": "2.1.x-dev",
            "source-reference": "41794945e795e108060eddb3342c9e13524b9b3e"
        },
        {
            "package": "doctrine/dbal",
            "version": "2.1.x-dev",
            "source-reference": "9d3625eeb1f7c840d3897d8961e977b554276a1d"
        },
        {
            "package": "doctrine/migrations",
            "version": "dev-master",
            "source-reference": "fe98141b1e460baf5ab52f9139e1ae238101b28b"
        },
        {
            "package": "doctrine/mongodb",
            "version": "dev-master",
            "source-reference": "727a12d25ba12d18aa293bc6eb61f203a9545912"
        },
        {
            "package": "doctrine/mongodb-odm",
            "version": "dev-parent_document_property",
            "source-reference": "f3ba4317bf61333c79ee2905651b82470fa36cff"
        },
        {
            "package": "doctrine/orm",
            "version": "2.1.x-dev",
            "source-reference": "07ee8c524984c425dade9baf39911a68c3a9b22a"
        },
        {
            "package": "monolog/monolog",
            "version": "1.1.0"
        },
        {
            "package": "pimple/pimple",
            "version": "dev-master",
            "source-reference": "v1.0.0"
        },
        {
            "package": "pimple/pimple",
            "version": "dev-master",
            "source-reference": "v1.0.0",
            "alias-pretty-version": "1.0.x-dev",
            "alias-version": "1.0.9999999.9999999-dev"
        },
        {
            "package": "silex/silex",
            "version": "dev-master",
            "source-reference": "f33019575b6998360a31b811ecc081e325df3e35"
        },
        {
            "package": "silex/silex",
            "version": "dev-master",
            "source-reference": "f33019575b6998360a31b811ecc081e325df3e35",
            "alias-pretty-version": "1.0.x-dev",
            "alias-version": "1.0.9999999.9999999-dev"
        },
        {
            "package": "symfony/browser-kit",
            "version": "dev-master",
            "source-reference": "2cebdd6803abf9c7240bb2a7a5c3aa8f45a9ef9f"
        },
        {
            "package": "symfony/browser-kit",
            "version": "dev-master",
            "source-reference": "2cebdd6803abf9c7240bb2a7a5c3aa8f45a9ef9f",
            "alias-pretty-version": "2.1.x-dev",
            "alias-version": "2.1.9999999.9999999-dev"
        },
        {
            "package": "symfony/class-loader",
            "version": "dev-master",
            "source-reference": "4ebd45f966d7925225c5daea827d9368f04fba12"
        },
        {
            "package": "symfony/class-loader",
            "version": "dev-master",
            "source-reference": "4ebd45f966d7925225c5daea827d9368f04fba12",
            "alias-pretty-version": "2.1.x-dev",
            "alias-version": "2.1.9999999.9999999-dev"
        },
        {
            "package": "symfony/console",
            "version": "dev-master",
            "source-reference": "ec3d45fafea157507b7dce339ce5a7c29de7642d"
        },
        {
            "package": "symfony/console",
            "version": "dev-master",
            "source-reference": "ec3d45fafea157507b7dce339ce5a7c29de7642d",
            "alias-pretty-version": "2.1.x-dev",
            "alias-version": "2.1.9999999.9999999-dev"
        },
        {
            "package": "symfony/css-selector",
            "version": "dev-master",
            "source-reference": "0f355f52c811e23e08382df30829aa8bceeda439",
            "alias-pretty-version": "2.1.x-dev",
            "alias-version": "2.1.9999999.9999999-dev"
        },
        {
            "package": "symfony/css-selector",
            "version": "dev-master",
            "source-reference": "0f355f52c811e23e08382df30829aa8bceeda439"
        },
        {
            "package": "symfony/dom-crawler",
            "version": "dev-master",
            "source-reference": "49d80fac919321c1e255757fe47b97910f667271",
            "alias-pretty-version": "2.1.x-dev",
            "alias-version": "2.1.9999999.9999999-dev"
        },
        {
            "package": "symfony/dom-crawler",
            "version": "dev-master",
            "source-reference": "49d80fac919321c1e255757fe47b97910f667271"
        },
        {
            "package": "symfony/event-dispatcher",
            "version": "dev-master",
            "source-reference": "0b58a4019befc0bd038bc0ec0165101d5dd31754",
            "alias-pretty-version": "2.1.x-dev",
            "alias-version": "2.1.9999999.9999999-dev"
        },
        {
            "package": "symfony/event-dispatcher",
            "version": "dev-master",
            "source-reference": "0b58a4019befc0bd038bc0ec0165101d5dd31754"
        },
        {
            "package": "symfony/finder",
            "version": "dev-master",
            "source-reference": "3c9379f3726401a1faf274204bd0ef3f5b24258a"
        },
        {
            "package": "symfony/finder",
            "version": "dev-master",
            "source-reference": "3c9379f3726401a1faf274204bd0ef3f5b24258a",
            "alias-pretty-version": "2.1.x-dev",
            "alias-version": "2.1.9999999.9999999-dev"
        },
        {
            "package": "symfony/http-foundation",
            "version": "dev-master",
            "source-reference": "cf8e8324c68ce584525502702866485f17f1c8a5",
            "alias-pretty-version": "2.1.x-dev",
            "alias-version": "2.1.9999999.9999999-dev"
        },
        {
            "package": "symfony/http-foundation",
            "version": "dev-master",
            "source-reference": "cf8e8324c68ce584525502702866485f17f1c8a5"
        },
        {
            "package": "symfony/http-kernel",
            "version": "dev-master",
            "source-reference": "d2729c175c5d57d5578a3ac388f314970718431e"
        },
        {
            "package": "symfony/http-kernel",
            "version": "dev-master",
            "source-reference": "d2729c175c5d57d5578a3ac388f314970718431e",
            "alias-pretty-version": "2.1.x-dev",
            "alias-version": "2.1.9999999.9999999-dev"
        },
        {
            "package": "symfony/process",
            "version": "dev-master",
            "source-reference": "106f2db51cecf2fe5ee59e428b8f4a918c4034fa"
        },
        {
            "package": "symfony/process",
            "version": "dev-master",
            "source-reference": "106f2db51cecf2fe5ee59e428b8f4a918c4034fa",
            "alias-pretty-version": "2.1.x-dev",
            "alias-version": "2.1.9999999.9999999-dev"
        },
        {
            "package": "symfony/routing",
            "version": "dev-master",
            "source-reference": "5ae3bd199393f84bc1d531cdcbdb936cbe1ad206"
        },
        {
            "package": "symfony/routing",
            "version": "dev-master",
            "source-reference": "5ae3bd199393f84bc1d531cdcbdb936cbe1ad206",
            "alias-pretty-version": "2.1.x-dev",
            "alias-version": "2.1.9999999.9999999-dev"
        },
        {
            "package": "symfony/twig-bridge",
            "version": "dev-master",
            "source-reference": "ad4194eab7df155b5683d5e2983e0254c04fa624",
            "alias-pretty-version": "2.1.x-dev",
            "alias-version": "2.1.9999999.9999999-dev"
        },
        {
            "package": "symfony/twig-bridge",
            "version": "dev-master",
            "source-reference": "ad4194eab7df155b5683d5e2983e0254c04fa624"
        },
        {
            "package": "symfony/yaml",
            "version": "dev-master",
            "source-reference": "2b7a2e067f250bf5fbdcab5d2c8679a085f1693c",
            "alias-pretty-version": "2.1.x-dev",
            "alias-version": "2.1.9999999.9999999-dev"
        },
        {
            "package": "symfony/yaml",
            "version": "dev-master",
            "source-reference": "2b7a2e067f250bf5fbdcab5d2c8679a085f1693c"
        },
        {
            "package": "twig/twig",
            "version": "dev-master",
            "source-reference": "d661c2a2f654ba8f2bddeeac0b8a80dcd59649ab"
        },
        {
            "package": "twig/twig",
            "version": "dev-master",
            "source-reference": "d661c2a2f654ba8f2bddeeac0b8a80dcd59649ab",
            "alias-pretty-version": "1.9.x-dev",
            "alias-version": "1.9.9999999.9999999-dev"
        }
    ],
    "packages-dev": null,
    "aliases": [

    ],
    "minimum-stability": "dev",
    "stability-flags": {
        "docteurklein/silex-doctrine-service-providers": 20,
        "doctrine/migrations": 20
    }
}
